
Microsoft Visual Studio Solution File, Format Version 12.00
# Visual Studio 2013
VisualStudioVersion = 12.0.31101.0
MinimumVisualStudioVersion = 10.0.40219.1
Project("{FAE04EC0-301F-11D3-BF4B-00C04F79EFBC}") = "SPAShoppingCartApp", "WebApplication1\SPAShoppingCartApp.csproj", "{44883940-EF7F-48C6-B258-42D1FE01F28F}"
	ProjectSection(ProjectDependencies) = postProject
		{8FEF8BF3-4B5D-4227-A384-5BF8A60C473C} = {8FEF8BF3-4B5D-4227-A384-5BF8A60C473C}
	EndProjectSection
EndProject
Project("{FAE04EC0-301F-11D3-BF4B-00C04F79EFBC}") = "CartApp.Entities", "CartApp.Common\CartApp.Entities.csproj", "{32C94C44-3A25-4DDA-9365-A8D11F5D7C9D}"
EndProject
Project("{FAE04EC0-301F-11D3-BF4B-00C04F79EFBC}") = "CartApp.Interfaces", "CartApp.Interfaces\CartApp.Interfaces.csproj", "{E376E66D-EDF1-4C35-ACE5-1CA5E8E5E975}"
EndProject
Project("{FAE04EC0-301F-11D3-BF4B-00C04F79EFBC}") = "CartApp.DataLayer", "CartApp.DataLayer\CartApp.DataLayer.csproj", "{48F9BBF6-E207-4CC9-9799-C8063000E78A}"
EndProject
Project("{2150E333-8FDC-42A3-9474-1A3956D46DE8}") = "Presentation", "Presentation", "{81C7F6D0-81BF-4178-8524-480E51257122}"
EndProject
Project("{2150E333-8FDC-42A3-9474-1A3956D46DE8}") = "Utility", "Utility", "{8E7D460D-AD68-4665-8225-6B1D67A91196}"
EndProject
Project("{2150E333-8FDC-42A3-9474-1A3956D46DE8}") = "Data", "Data", "{B66F282B-99A6-4348-BE08-DE2A698C2D0D}"
EndProject
Project("{2150E333-8FDC-42A3-9474-1A3956D46DE8}") = "Business", "Business", "{CC00CBFE-21B4-458E-A3AD-E97710704F69}"
EndProject
Project("{2150E333-8FDC-42A3-9474-1A3956D46DE8}") = "Services", "Services", "{C4BA3F7D-F56C-434C-8CA3-43B0DF8324C7}"
EndProject
Project("{FAE04EC0-301F-11D3-BF4B-00C04F79EFBC}") = "CartApp.Services", "CartApp.Services\CartApp.Services.csproj", "{8FEF8BF3-4B5D-4227-A384-5BF8A60C473C}"
EndProject
Project("{FAE04EC0-301F-11D3-BF4B-00C04F79EFBC}") = "CartApp.Business", "CartApp.Business\CartApp.Business.csproj", "{30D076ED-08B1-44B5-8386-52FE82E948BD}"
EndProject
Project("{2150E333-8FDC-42A3-9474-1A3956D46DE8}") = "Tests", "Tests", "{0F07DCFB-69A0-4701-937B-45E7BF689A56}"
EndProject
Project("{FAE04EC0-301F-11D3-BF4B-00C04F79EFBC}") = "CartApp.Tests", "CartApp.Tests\CartApp.Tests.csproj", "{8E692AF6-204B-4BE1-BBB5-CC67D9128057}"
EndProject
Project("{FAE04EC0-301F-11D3-BF4B-00C04F79EFBC}") = "CartApp.DataAccess", "CartApp.DataAccess\CartApp.DataAccess.csproj", "{D6B8FF39-DA0C-41B3-B74C-78CE8EEC5755}"
EndProject
Global
	GlobalSection(SolutionConfigurationPlatforms) = preSolution
		Debug|Any CPU = Debug|Any CPU
		Release|Any CPU = Release|Any CPU
	EndGlobalSection
	GlobalSection(ProjectConfigurationPlatforms) = postSolution
		{44883940-EF7F-48C6-B258-42D1FE01F28F}.Debug|Any CPU.ActiveCfg = Debug|Any CPU
		{44883940-EF7F-48C6-B258-42D1FE01F28F}.Debug|Any CPU.Build.0 = Debug|Any CPU
		{44883940-EF7F-48C6-B258-42D1FE01F28F}.Release|Any CPU.ActiveCfg = Release|Any CPU
		{44883940-EF7F-48C6-B258-42D1FE01F28F}.Release|Any CPU.Build.0 = Release|Any CPU
		{32C94C44-3A25-4DDA-9365-A8D11F5D7C9D}.Debug|Any CPU.ActiveCfg = Debug|Any CPU
		{32C94C44-3A25-4DDA-9365-A8D11F5D7C9D}.Debug|Any CPU.Build.0 = Debug|Any CPU
		{32C94C44-3A25-4DDA-9365-A8D11F5D7C9D}.Release|Any CPU.ActiveCfg = Release|Any CPU
		{32C94C44-3A25-4DDA-9365-A8D11F5D7C9D}.Release|Any CPU.Build.0 = Release|Any CPU
		{E376E66D-EDF1-4C35-ACE5-1CA5E8E5E975}.Debug|Any CPU.ActiveCfg = Debug|Any CPU
		{E376E66D-EDF1-4C35-ACE5-1CA5E8E5E975}.Debug|Any CPU.Build.0 = Debug|Any CPU
		{E376E66D-EDF1-4C35-ACE5-1CA5E8E5E975}.Release|Any CPU.ActiveCfg = Release|Any CPU
		{E376E66D-EDF1-4C35-ACE5-1CA5E8E5E975}.Release|Any CPU.Build.0 = Release|Any CPU
		{48F9BBF6-E207-4CC9-9799-C8063000E78A}.Debug|Any CPU.ActiveCfg = Debug|Any CPU
		{48F9BBF6-E207-4CC9-9799-C8063000E78A}.Debug|Any CPU.Build.0 = Debug|Any CPU
		{48F9BBF6-E207-4CC9-9799-C8063000E78A}.Release|Any CPU.ActiveCfg = Release|Any CPU
		{48F9BBF6-E207-4CC9-9799-C8063000E78A}.Release|Any CPU.Build.0 = Release|Any CPU
		{8FEF8BF3-4B5D-4227-A384-5BF8A60C473C}.Debug|Any CPU.ActiveCfg = Debug|Any CPU
		{8FEF8BF3-4B5D-4227-A384-5BF8A60C473C}.Debug|Any CPU.Build.0 = Debug|Any CPU
		{8FEF8BF3-4B5D-4227-A384-5BF8A60C473C}.Release|Any CPU.ActiveCfg = Release|Any CPU
		{8FEF8BF3-4B5D-4227-A384-5BF8A60C473C}.Release|Any CPU.Build.0 = Release|Any CPU
		{30D076ED-08B1-44B5-8386-52FE82E948BD}.Debug|Any CPU.ActiveCfg = Debug|Any CPU
		{30D076ED-08B1-44B5-8386-52FE82E948BD}.Debug|Any CPU.Build.0 = Debug|Any CPU
		{30D076ED-08B1-44B5-8386-52FE82E948BD}.Release|Any CPU.ActiveCfg = Release|Any CPU
		{30D076ED-08B1-44B5-8386-52FE82E948BD}.Release|Any CPU.Build.0 = Release|Any CPU
		{8E692AF6-204B-4BE1-BBB5-CC67D9128057}.Debug|Any CPU.ActiveCfg = Debug|Any CPU
		{8E692AF6-204B-4BE1-BBB5-CC67D9128057}.Debug|Any CPU.Build.0 = Debug|Any CPU
		{8E692AF6-204B-4BE1-BBB5-CC67D9128057}.Release|Any CPU.ActiveCfg = Release|Any CPU
		{8E692AF6-204B-4BE1-BBB5-CC67D9128057}.Release|Any CPU.Build.0 = Release|Any CPU
		{D6B8FF39-DA0C-41B3-B74C-78CE8EEC5755}.Debug|Any CPU.ActiveCfg = Debug|Any CPU
		{D6B8FF39-DA0C-41B3-B74C-78CE8EEC5755}.Debug|Any CPU.Build.0 = Debug|Any CPU
		{D6B8FF39-DA0C-41B3-B74C-78CE8EEC5755}.Release|Any CPU.ActiveCfg = Release|Any CPU
		{D6B8FF39-DA0C-41B3-B74C-78CE8EEC5755}.Release|Any CPU.Build.0 = Release|Any CPU
	EndGlobalSection
	GlobalSection(SolutionProperties) = preSolution
		HideSolutionNode = FALSE
	EndGlobalSection
	GlobalSection(NestedProjects) = preSolution
		{44883940-EF7F-48C6-B258-42D1FE01F28F} = {81C7F6D0-81BF-4178-8524-480E51257122}
		{32C94C44-3A25-4DDA-9365-A8D11F5D7C9D} = {8E7D460D-AD68-4665-8225-6B1D67A91196}
		{E376E66D-EDF1-4C35-ACE5-1CA5E8E5E975} = {CC00CBFE-21B4-458E-A3AD-E97710704F69}
		{48F9BBF6-E207-4CC9-9799-C8063000E78A} = {B66F282B-99A6-4348-BE08-DE2A698C2D0D}
		{8FEF8BF3-4B5D-4227-A384-5BF8A60C473C} = {C4BA3F7D-F56C-434C-8CA3-43B0DF8324C7}
		{30D076ED-08B1-44B5-8386-52FE82E948BD} = {CC00CBFE-21B4-458E-A3AD-E97710704F69}
		{8E692AF6-204B-4BE1-BBB5-CC67D9128057} = {0F07DCFB-69A0-4701-937B-45E7BF689A56}
		{D6B8FF39-DA0C-41B3-B74C-78CE8EEC5755} = {B66F282B-99A6-4348-BE08-DE2A698C2D0D}
	EndGlobalSection
EndGlobal
